<<<<<<< HEAD
﻿<?xml version="1.0" encoding="utf-8"?>
<Project ToolsVersion="4.0" xmlns="http://schemas.microsoft.com/developer/msbuild/2003">
  <ItemGroup>
    <Filter Include="Source">
      <UniqueIdentifier>{f3c2bbee-51d7-40a4-bd07-3bd257b83c6a}</UniqueIdentifier>
    </Filter>
    <Filter Include="Source\Attacker">
      <UniqueIdentifier>{9ab537f0-7f1f-4104-8749-977e30b86072}</UniqueIdentifier>
    </Filter>
    <Filter Include="Source\Floor">
      <UniqueIdentifier>{6a5aa0a5-c9c3-44a1-b80c-064baab84de6}</UniqueIdentifier>
    </Filter>
  </ItemGroup>
  <ItemGroup>
    <ClCompile Include="Source\Main.cpp">
      <Filter>Source</Filter>
    </ClCompile>
    <ClCompile Include="Source\Attacker\Attacker.cpp">
      <Filter>Source\Attacker</Filter>
    </ClCompile>
    <ClCompile Include="Source\Floor\Floor.cpp">
      <Filter>Source\Floor</Filter>
    </ClCompile>
  </ItemGroup>
  <ItemGroup>
    <ClInclude Include="Source\Attacker\Attacker.h">
      <Filter>Source\Attacker</Filter>
    </ClInclude>
    <ClInclude Include="Source\Floor\Floor.h">
      <Filter>Source\Floor</Filter>
    </ClInclude>
    <ClInclude Include="Source\DxLib.h" />
  </ItemGroup>
=======
﻿<?xml version="1.0" encoding="utf-8"?>
<Project ToolsVersion="4.0" xmlns="http://schemas.microsoft.com/developer/msbuild/2003">
  <ItemGroup>
    <Filter Include="Source">
      <UniqueIdentifier>{f3c2bbee-51d7-40a4-bd07-3bd257b83c6a}</UniqueIdentifier>
    </Filter>
    <Filter Include="Source\Attacker">
      <UniqueIdentifier>{9ab537f0-7f1f-4104-8749-977e30b86072}</UniqueIdentifier>
    </Filter>
    <Filter Include="Source\Floor">
      <UniqueIdentifier>{6a5aa0a5-c9c3-44a1-b80c-064baab84de6}</UniqueIdentifier>
    </Filter>
  </ItemGroup>
  <ItemGroup>
    <ClCompile Include="Source\Main.cpp">
      <Filter>Source</Filter>
    </ClCompile>
    <ClCompile Include="Source\Attacker\Attacker.cpp">
      <Filter>Source\Attacker</Filter>
    </ClCompile>
    <ClCompile Include="Source\Floor\Floor.cpp">
      <Filter>Source\Floor</Filter>
    </ClCompile>
  </ItemGroup>
  <ItemGroup>
    <ClInclude Include="Source\Attacker\Attacker.h">
      <Filter>Source\Attacker</Filter>
    </ClInclude>
    <ClInclude Include="Source\Floor\Floor.h">
      <Filter>Source\Floor</Filter>
    </ClInclude>
    <ClInclude Include="Source\DxLib.h" />
  </ItemGroup>
>>>>>>> bf00ff0f364c80a951f2a7f3de9aac8cdc752734
</Project>